
Microsoft Visual Studio Solution File, Format Version 12.00
# Visual Studio 15
VisualStudioVersion = 15.0.28010.2046
MinimumVisualStudioVersion = 10.0.40219.1
Project("{FAE04EC0-301F-11D3-BF4B-00C04F79EFBC}") = "HRMS", "HRMS\HRMS.csproj", "{C7BB3B76-34ED-41C9-828C-FF9F4C05AF64}"
EndProject
Project("{FAE04EC0-301F-11D3-BF4B-00C04F79EFBC}") = "HRMS.Tests", "HRMS.Tests\HRMS.Tests.csproj", "{1B3F9FCF-472F-4983-AED6-8ABBC5944077}"
EndProject
Global
	GlobalSection(SolutionConfigurationPlatforms) = preSolution
		Debug|Any CPU = Debug|Any CPU
		Release|Any CPU = Release|Any CPU
	EndGlobalSection
	GlobalSection(ProjectConfigurationPlatforms) = postSolution
		{C7BB3B76-34ED-41C9-828C-FF9F4C05AF64}.Debug|Any CPU.ActiveCfg = Debug|Any CPU
		{C7BB3B76-34ED-41C9-828C-FF9F4C05AF64}.Debug|Any CPU.Build.0 = Debug|Any CPU
		{C7BB3B76-34ED-41C9-828C-FF9F4C05AF64}.Release|Any CPU.ActiveCfg = Release|Any CPU
		{C7BB3B76-34ED-41C9-828C-FF9F4C05AF64}.Release|Any CPU.Build.0 = Release|Any CPU
		{1B3F9FCF-472F-4983-AED6-8ABBC5944077}.Debug|Any CPU.ActiveCfg = Debug|Any CPU
		{1B3F9FCF-472F-4983-AED6-8ABBC5944077}.Debug|Any CPU.Build.0 = Debug|Any CPU
		{1B3F9FCF-472F-4983-AED6-8ABBC5944077}.Release|Any CPU.ActiveCfg = Release|Any CPU
		{1B3F9FCF-472F-4983-AED6-8ABBC5944077}.Release|Any CPU.Build.0 = Release|Any CPU
	EndGlobalSection
	GlobalSection(SolutionProperties) = preSolution
		HideSolutionNode = FALSE
	EndGlobalSection
	GlobalSection(ExtensibilityGlobals) = postSolution
		SolutionGuid = {2F91828F-3828-4522-A6ED-EB30B0FFD832}
	EndGlobalSection
EndGlobal
